
Microsoft Visual Studio Solution File, Format Version 12.00
# Visual Studio Version 16
VisualStudioVersion = 16.0.32126.315
MinimumVisualStudioVersion = 10.0.40219.1
Project("{FAE04EC0-301F-11D3-BF4B-00C04F79EFBC}") = "Asp.NETMVCCRUD", "Asp.NETMVCCRUD\Asp.NETMVCCRUD.csproj", "{929B05E8-6C8B-444E-90D5-B8A86BF4D67A}"
EndProject
Global
	GlobalSection(SolutionConfigurationPlatforms) = preSolution
		Debug|Any CPU = Debug|Any CPU
		Release|Any CPU = Release|Any CPU
	EndGlobalSection
	GlobalSection(ProjectConfigurationPlatforms) = postSolution
		{929B05E8-6C8B-444E-90D5-B8A86BF4D67A}.Debug|Any CPU.ActiveCfg = Debug|Any CPU
		{929B05E8-6C8B-444E-90D5-B8A86BF4D67A}.Debug|Any CPU.Build.0 = Debug|Any CPU
		{929B05E8-6C8B-444E-90D5-B8A86BF4D67A}.Release|Any CPU.ActiveCfg = Release|Any CPU
		{929B05E8-6C8B-444E-90D5-B8A86BF4D67A}.Release|Any CPU.Build.0 = Release|Any CPU
	EndGlobalSection
	GlobalSection(SolutionProperties) = preSolution
		HideSolutionNode = FALSE
	EndGlobalSection
	GlobalSection(ExtensibilityGlobals) = postSolution
		SolutionGuid = {FA84558C-035D-4819-819A-C7CFD67192AA}
	EndGlobalSection
EndGlobal
